
Microsoft Visual Studio Solution File, Format Version 12.00
Project("{FAE04EC0-301F-11D3-BF4B-00C04F79EFBC}") = "Betonchel.API", "Betonchel.API\Betonchel.API.csproj", "{F44C39CE-641F-48AB-B547-15484B545FE8}"
EndProject
Project("{FAE04EC0-301F-11D3-BF4B-00C04F79EFBC}") = "Betonchel.Identity", "Betonchel.Identity\Betonchel.Identity.csproj", "{DF7CF480-2D28-4352-8A6C-FC7B76F971F9}"
EndProject
Global
	GlobalSection(SolutionConfigurationPlatforms) = preSolution
		Debug|Any CPU = Debug|Any CPU
		Release|Any CPU = Release|Any CPU
	EndGlobalSection
	GlobalSection(ProjectConfigurationPlatforms) = postSolution
		{F44C39CE-641F-48AB-B547-15484B545FE8}.Debug|Any CPU.ActiveCfg = Debug|Any CPU
		{F44C39CE-641F-48AB-B547-15484B545FE8}.Debug|Any CPU.Build.0 = Debug|Any CPU
		{F44C39CE-641F-48AB-B547-15484B545FE8}.Release|Any CPU.ActiveCfg = Release|Any CPU
		{F44C39CE-641F-48AB-B547-15484B545FE8}.Release|Any CPU.Build.0 = Release|Any CPU
		{DF7CF480-2D28-4352-8A6C-FC7B76F971F9}.Debug|Any CPU.ActiveCfg = Debug|Any CPU
		{DF7CF480-2D28-4352-8A6C-FC7B76F971F9}.Debug|Any CPU.Build.0 = Debug|Any CPU
		{DF7CF480-2D28-4352-8A6C-FC7B76F971F9}.Release|Any CPU.ActiveCfg = Release|Any CPU
		{DF7CF480-2D28-4352-8A6C-FC7B76F971F9}.Release|Any CPU.Build.0 = Release|Any CPU
	EndGlobalSection
EndGlobal
